PODS:
  - Firebase/CoreOnly (11.8.0):
    - FirebaseCore (~> 11.8.0)
  - Firebase/RemoteConfig (11.8.0):
    - Firebase/CoreOnly
    - FirebaseRemoteConfig (~> 11.8.0)
  - firebase_core (3.12.1):
    - Firebase/CoreOnly (= 11.8.0)
    - Flutter
  - firebase_remote_config (5.4.2):
    - Firebase/RemoteConfig (= 11.8.0)
    - firebase_core
    - Flutter
  - FirebaseABTesting (11.8.0):
    - FirebaseCore (~> 11.8.0)
  - FirebaseCore (11.8.1):
    - FirebaseCoreInternal (~> 11.8.0)
    - GoogleUtilities/Environment (~> 8.0)
    - GoogleUtilities/Logger (~> 8.0)
  - FirebaseCoreInternal (11.8.0):
    - "GoogleUtilities/NSData+zlib (~> 8.0)"
  - FirebaseInstallations (11.8.0):
    - FirebaseCore (~> 11.8.0)
    - GoogleUtilities/Environment (~> 8.0)
    - GoogleUtilities/UserDefaults (~> 8.0)
    - PromisesObjC (~> 2.4)
  - FirebaseRemoteConfig (11.8.0):
    - FirebaseABTesting (~> 11.0)
    - FirebaseCore (~> 11.8.0)
    - FirebaseInstallations (~> 11.0)
    - FirebaseRemoteConfigInterop (~> 11.0)
    - FirebaseSharedSwift (~> 11.0)
    - GoogleUtilities/Environment (~> 8.0)
    - "GoogleUtilities/NSData+zlib (~> 8.0)"
  - FirebaseRemoteConfigInterop (11.15.0)
  - FirebaseSharedSwift (11.15.0)
  - Flutter (1.0.0)
  - Google-Mobile-Ads-SDK (11.13.0):
    - GoogleUserMessagingPlatform (>= 1.1)
  - google_mobile_ads (5.3.1):
    - Flutter
    - Google-Mobile-Ads-SDK (~> 11.13.0)
    - webview_flutter_wkwebview
  - GoogleUserMessagingPlatform (3.1.0)
  - GoogleUtilities/Environment (8.1.0):
    - GoogleUtilities/Privacy
  - GoogleUtilities/Logger (8.1.0):
    - GoogleUtilities/Environment
    - GoogleUtilities/Privacy
  - "GoogleUtilities/NSData+zlib (8.1.0)":
    - GoogleUtilities/Privacy
  - GoogleUtilities/Privacy (8.1.0)
  - GoogleUtilities/UserDefaults (8.1.0):
    - GoogleUtilities/Logger
    - GoogleUtilities/Privacy
  - openvpn_flutter (0.0.1):
    - Flutter
  - OpenVPNAdapter (0.8.0):
    - OpenVPNAdapter/ASIO (= 0.8.0)
    - OpenVPNAdapter/LZ4 (= 0.8.0)
    - OpenVPNAdapter/mbedTLS (= 0.8.0)
    - OpenVPNAdapter/OpenVPN3 (= 0.8.0)
    - OpenVPNAdapter/OpenVPNAdapter (= 0.8.0)
    - OpenVPNAdapter/OpenVPNClient (= 0.8.0)
  - OpenVPNAdapter/ASIO (0.8.0)
  - OpenVPNAdapter/LZ4 (0.8.0)
  - OpenVPNAdapter/mbedTLS (0.8.0)
  - OpenVPNAdapter/OpenVPN3 (0.8.0)
  - OpenVPNAdapter/OpenVPNAdapter (0.8.0)
  - OpenVPNAdapter/OpenVPNClient (0.8.0)
  - path_provider_foundation (0.0.1):
    - Flutter
    - FlutterMacOS
  - PromisesObjC (2.4.0)
  - webview_flutter_wkwebview (0.0.1):
    - Flutter
    - FlutterMacOS

DEPENDENCIES:
  - firebase_core (from `.symlinks/plugins/firebase_core/ios`)
  - firebase_remote_config (from `.symlinks/plugins/firebase_remote_config/ios`)
  - Flutter (from `Flutter`)
  - google_mobile_ads (from `.symlinks/plugins/google_mobile_ads/ios`)
  - openvpn_flutter (from `.symlinks/plugins/openvpn_flutter/ios`)
  - OpenVPNAdapter (from `https://github.com/ss-abramchuk/OpenVPNAdapter.git`, tag `0.8.0`)
  - path_provider_foundation (from `.symlinks/plugins/path_provider_foundation/darwin`)
  - webview_flutter_wkwebview (from `.symlinks/plugins/webview_flutter_wkwebview/darwin`)

SPEC REPOS:
  trunk:
    - Firebase
    - FirebaseABTesting
    - FirebaseCore
    - FirebaseCoreInternal
    - FirebaseInstallations
    - FirebaseRemoteConfig
    - FirebaseRemoteConfigInterop
    - FirebaseSharedSwift
    - Google-Mobile-Ads-SDK
    - GoogleUserMessagingPlatform
    - GoogleUtilities
    - PromisesObjC

EXTERNAL SOURCES:
  firebase_core:
    :path: ".symlinks/plugins/firebase_core/ios"
  firebase_remote_config:
    :path: ".symlinks/plugins/firebase_remote_config/ios"
  Flutter:
    :path: Flutter
  google_mobile_ads:
    :path: ".symlinks/plugins/google_mobile_ads/ios"
  openvpn_flutter:
    :path: ".symlinks/plugins/openvpn_flutter/ios"
  OpenVPNAdapter:
    :git: https://github.com/ss-abramchuk/OpenVPNAdapter.git
    :tag: 0.8.0
  path_provider_foundation:
    :path: ".symlinks/plugins/path_provider_foundation/darwin"
  webview_flutter_wkwebview:
    :path: ".symlinks/plugins/webview_flutter_wkwebview/darwin"

CHECKOUT OPTIONS:
  OpenVPNAdapter:
    :git: https://github.com/ss-abramchuk/OpenVPNAdapter.git
    :tag: 0.8.0

SPEC CHECKSUMS:
  Firebase: d80354ed7f6df5f9aca55e9eb47cc4b634735eaf
  firebase_core: 8d552814f6c01ccde5d88939fced4ec26f2f5510
  firebase_remote_config: ca499f96ddbcc63db863b941bf9f5e6e9a81ceba
  FirebaseABTesting: 7d6eee42b9137541eac2610e5fea3568d956707a
  FirebaseCore: 99fe0c4b44a39f37d99e6404e02009d2db5d718d
  FirebaseCoreInternal: df24ce5af28864660ecbd13596fc8dd3a8c34629
  FirebaseInstallations: 6c963bd2a86aca0481eef4f48f5a4df783ae5917
  FirebaseRemoteConfig: f63724461fd97f0d62f20021314b59388f3e8ef8
  FirebaseRemoteConfigInterop: 1c6135e8a094cc6368949f5faeeca7ee8948b8aa
  FirebaseSharedSwift: e17c654ef1f1a616b0b33054e663ad1035c8fd40
  Flutter: cabc95a1d2626b1b06e7179b784ebcf0c0cde467
  Google-Mobile-Ads-SDK: 14f57f2dc33532a24db288897e26494640810407
  google_mobile_ads: 16ad301354fa6a7ea55770c6254bd4339bf8558b
  GoogleUserMessagingPlatform: befe603da6501006420c206222acd449bba45a9c
  GoogleUtilities: 00c88b9a86066ef77f0da2fab05f65d7768ed8e1
  openvpn_flutter: 31bba88d4f9daf1bfba7d11e943f831c442fc1d1
  OpenVPNAdapter: 1d945f4528073ff641d4ed90d98e28f2b1c86d05
  path_provider_foundation: 080d55be775b7414fd5a5ef3ac137b97b097e564
  PromisesObjC: f5707f49cb48b9636751c5b2e7d227e43fba9f47
  webview_flutter_wkwebview: 1821ceac936eba6f7984d89a9f3bcb4dea99ebb2

PODFILE CHECKSUM: 545f555da6d69d787ffc5885793cddba739a19a2

COCOAPODS: 1.16.2
